
Microsoft Visual Studio Solution File, Format Version 12.00
# Visual Studio Version 17
VisualStudioVersion = 17.7.34221.43
MinimumVisualStudioVersion = 10.0.40219.1
Project("{FAE04EC0-301F-11D3-BF4B-00C04F79EFBC}") = "tamrin8_damdary_", "tamrin8_damdary_\tamrin8_damdary_.csproj", "{BE2F99E8-7786-4EF2-8FE7-0405348BBCE7}"
EndProject
Global
	GlobalSection(SolutionConfigurationPlatforms) = preSolution
		Debug|Any CPU = Debug|Any CPU
		Release|Any CPU = Release|Any CPU
	EndGlobalSection
	GlobalSection(ProjectConfigurationPlatforms) = postSolution
		{BE2F99E8-7786-4EF2-8FE7-0405348BBCE7}.Debug|Any CPU.ActiveCfg = Debug|Any CPU
		{BE2F99E8-7786-4EF2-8FE7-0405348BBCE7}.Debug|Any CPU.Build.0 = Debug|Any CPU
		{BE2F99E8-7786-4EF2-8FE7-0405348BBCE7}.Release|Any CPU.ActiveCfg = Release|Any CPU
		{BE2F99E8-7786-4EF2-8FE7-0405348BBCE7}.Release|Any CPU.Build.0 = Release|Any CPU
	EndGlobalSection
	GlobalSection(SolutionProperties) = preSolution
		HideSolutionNode = FALSE
	EndGlobalSection
	GlobalSection(ExtensibilityGlobals) = postSolution
		SolutionGuid = {965A0DC2-2515-4276-8438-A135E1BBC02A}
	EndGlobalSection
EndGlobal
